
Microsoft Visual Studio Solution File, Format Version 12.00
# Visual Studio Version 17
VisualStudioVersion = 17.9.34714.143
MinimumVisualStudioVersion = 10.0.40219.1
Project("{9A19103F-16F7-4668-BE54-9A1E7A4F7556}") = "niimaqdx_net.2015", "src\niimaqdx_net.2015.csproj", "{BECCFBA6-DD4B-45F3-997D-1CF81A6A559B}"
EndProject
Project("{FAE04EC0-301F-11D3-BF4B-00C04F79EFBC}") = "Grab.2015", "examples\Grab\Grab.2015.csproj", "{B03A5988-77F7-4AB8-9D32-A80896CA3B9F}"
EndProject
Project("{2150E333-8FDC-42A3-9474-1A3956D46DE8}") = "Eamples", "Eamples", "{7241179F-C26B-4F87-A2C9-D557ABCBA08B}"
EndProject
Project("{FAE04EC0-301F-11D3-BF4B-00C04F79EFBC}") = "Grab and Attributes.2015", "examples\Grab and Attributes\Grab and Attributes.2015.csproj", "{619E7B77-46D1-4A8E-B5B4-2D599090ECDB}"
EndProject
Project("{FAE04EC0-301F-11D3-BF4B-00C04F79EFBC}") = "Low-Level Grab.2015", "examples\Low-Level Grab\Low-Level Grab.2015.csproj", "{671279D5-35B9-46CF-87B7-E7CC2768FE9D}"
EndProject
Project("{FAE04EC0-301F-11D3-BF4B-00C04F79EFBC}") = "Low-Level Sequence.2015", "examples\Low-Level Sequence\Low-Level Sequence.2015.csproj", "{500647CF-2561-431F-8585-24D7E7C6DBEF}"
EndProject
Project("{FAE04EC0-301F-11D3-BF4B-00C04F79EFBC}") = "Low-Level Snap.2015", "examples\Low-Level Snap\Low-Level Snap.2015.csproj", "{01B3B056-8974-4F42-ABFD-6DC7D2586722}"
EndProject
Project("{FAE04EC0-301F-11D3-BF4B-00C04F79EFBC}") = "Sequence.2015", "examples\Sequence\Sequence.2015.csproj", "{192369B5-24E9-41AB-9295-899A86C1B1F2}"
EndProject
Project("{FAE04EC0-301F-11D3-BF4B-00C04F79EFBC}") = "Snap.2015", "examples\Snap\Snap.2015.csproj", "{070AF989-B359-4FCE-9A1C-A39EC759E044}"
EndProject
Global
	GlobalSection(SolutionConfigurationPlatforms) = preSolution
		Debug|Any CPU = Debug|Any CPU
		Debug|x86 = Debug|x86
		Release|Any CPU = Release|Any CPU
		Release|x86 = Release|x86
	EndGlobalSection
	GlobalSection(ProjectConfigurationPlatforms) = postSolution
		{BECCFBA6-DD4B-45F3-997D-1CF81A6A559B}.Debug|Any CPU.ActiveCfg = Debug|Any CPU
		{BECCFBA6-DD4B-45F3-997D-1CF81A6A559B}.Debug|Any CPU.Build.0 = Debug|Any CPU
		{BECCFBA6-DD4B-45F3-997D-1CF81A6A559B}.Debug|x86.ActiveCfg = Debug|Any CPU
		{BECCFBA6-DD4B-45F3-997D-1CF81A6A559B}.Debug|x86.Build.0 = Debug|Any CPU
		{BECCFBA6-DD4B-45F3-997D-1CF81A6A559B}.Release|Any CPU.ActiveCfg = Release|Any CPU
		{BECCFBA6-DD4B-45F3-997D-1CF81A6A559B}.Release|Any CPU.Build.0 = Release|Any CPU
		{BECCFBA6-DD4B-45F3-997D-1CF81A6A559B}.Release|x86.ActiveCfg = Release|Any CPU
		{BECCFBA6-DD4B-45F3-997D-1CF81A6A559B}.Release|x86.Build.0 = Release|Any CPU
		{B03A5988-77F7-4AB8-9D32-A80896CA3B9F}.Debug|Any CPU.ActiveCfg = Debug|x86
		{B03A5988-77F7-4AB8-9D32-A80896CA3B9F}.Debug|Any CPU.Build.0 = Debug|x86
		{B03A5988-77F7-4AB8-9D32-A80896CA3B9F}.Debug|x86.ActiveCfg = Debug|x86
		{B03A5988-77F7-4AB8-9D32-A80896CA3B9F}.Debug|x86.Build.0 = Debug|x86
		{B03A5988-77F7-4AB8-9D32-A80896CA3B9F}.Release|Any CPU.ActiveCfg = Release|x86
		{B03A5988-77F7-4AB8-9D32-A80896CA3B9F}.Release|Any CPU.Build.0 = Release|x86
		{B03A5988-77F7-4AB8-9D32-A80896CA3B9F}.Release|x86.ActiveCfg = Release|x86
		{B03A5988-77F7-4AB8-9D32-A80896CA3B9F}.Release|x86.Build.0 = Release|x86
		{619E7B77-46D1-4A8E-B5B4-2D599090ECDB}.Debug|Any CPU.ActiveCfg = Debug|Any CPU
		{619E7B77-46D1-4A8E-B5B4-2D599090ECDB}.Debug|Any CPU.Build.0 = Debug|Any CPU
		{619E7B77-46D1-4A8E-B5B4-2D599090ECDB}.Debug|x86.ActiveCfg = Debug|x86
		{619E7B77-46D1-4A8E-B5B4-2D599090ECDB}.Debug|x86.Build.0 = Debug|x86
		{619E7B77-46D1-4A8E-B5B4-2D599090ECDB}.Release|Any CPU.ActiveCfg = Release|Any CPU
		{619E7B77-46D1-4A8E-B5B4-2D599090ECDB}.Release|Any CPU.Build.0 = Release|Any CPU
		{619E7B77-46D1-4A8E-B5B4-2D599090ECDB}.Release|x86.ActiveCfg = Release|x86
		{619E7B77-46D1-4A8E-B5B4-2D599090ECDB}.Release|x86.Build.0 = Release|x86
		{671279D5-35B9-46CF-87B7-E7CC2768FE9D}.Debug|Any CPU.ActiveCfg = Debug|x86
		{671279D5-35B9-46CF-87B7-E7CC2768FE9D}.Debug|Any CPU.Build.0 = Debug|x86
		{671279D5-35B9-46CF-87B7-E7CC2768FE9D}.Debug|x86.ActiveCfg = Debug|x86
		{671279D5-35B9-46CF-87B7-E7CC2768FE9D}.Debug|x86.Build.0 = Debug|x86
		{671279D5-35B9-46CF-87B7-E7CC2768FE9D}.Release|Any CPU.ActiveCfg = Release|x86
		{671279D5-35B9-46CF-87B7-E7CC2768FE9D}.Release|Any CPU.Build.0 = Release|x86
		{671279D5-35B9-46CF-87B7-E7CC2768FE9D}.Release|x86.ActiveCfg = Release|x86
		{671279D5-35B9-46CF-87B7-E7CC2768FE9D}.Release|x86.Build.0 = Release|x86
		{500647CF-2561-431F-8585-24D7E7C6DBEF}.Debug|Any CPU.ActiveCfg = Debug|x86
		{500647CF-2561-431F-8585-24D7E7C6DBEF}.Debug|Any CPU.Build.0 = Debug|x86
		{500647CF-2561-431F-8585-24D7E7C6DBEF}.Debug|x86.ActiveCfg = Debug|x86
		{500647CF-2561-431F-8585-24D7E7C6DBEF}.Debug|x86.Build.0 = Debug|x86
		{500647CF-2561-431F-8585-24D7E7C6DBEF}.Release|Any CPU.ActiveCfg = Release|x86
		{500647CF-2561-431F-8585-24D7E7C6DBEF}.Release|Any CPU.Build.0 = Release|x86
		{500647CF-2561-431F-8585-24D7E7C6DBEF}.Release|x86.ActiveCfg = Release|x86
		{500647CF-2561-431F-8585-24D7E7C6DBEF}.Release|x86.Build.0 = Release|x86
		{01B3B056-8974-4F42-ABFD-6DC7D2586722}.Debug|Any CPU.ActiveCfg = Debug|x86
		{01B3B056-8974-4F42-ABFD-6DC7D2586722}.Debug|Any CPU.Build.0 = Debug|x86
		{01B3B056-8974-4F42-ABFD-6DC7D2586722}.Debug|x86.ActiveCfg = Debug|x86
		{01B3B056-8974-4F42-ABFD-6DC7D2586722}.Debug|x86.Build.0 = Debug|x86
		{01B3B056-8974-4F42-ABFD-6DC7D2586722}.Release|Any CPU.ActiveCfg = Release|x86
		{01B3B056-8974-4F42-ABFD-6DC7D2586722}.Release|Any CPU.Build.0 = Release|x86
		{01B3B056-8974-4F42-ABFD-6DC7D2586722}.Release|x86.ActiveCfg = Release|x86
		{01B3B056-8974-4F42-ABFD-6DC7D2586722}.Release|x86.Build.0 = Release|x86
		{192369B5-24E9-41AB-9295-899A86C1B1F2}.Debug|Any CPU.ActiveCfg = Debug|x86
		{192369B5-24E9-41AB-9295-899A86C1B1F2}.Debug|Any CPU.Build.0 = Debug|x86
		{192369B5-24E9-41AB-9295-899A86C1B1F2}.Debug|x86.ActiveCfg = Debug|x86
		{192369B5-24E9-41AB-9295-899A86C1B1F2}.Debug|x86.Build.0 = Debug|x86
		{192369B5-24E9-41AB-9295-899A86C1B1F2}.Release|Any CPU.ActiveCfg = Release|x86
		{192369B5-24E9-41AB-9295-899A86C1B1F2}.Release|Any CPU.Build.0 = Release|x86
		{192369B5-24E9-41AB-9295-899A86C1B1F2}.Release|x86.ActiveCfg = Release|x86
		{192369B5-24E9-41AB-9295-899A86C1B1F2}.Release|x86.Build.0 = Release|x86
		{070AF989-B359-4FCE-9A1C-A39EC759E044}.Debug|Any CPU.ActiveCfg = Debug|x86
		{070AF989-B359-4FCE-9A1C-A39EC759E044}.Debug|Any CPU.Build.0 = Debug|x86
		{070AF989-B359-4FCE-9A1C-A39EC759E044}.Debug|x86.ActiveCfg = Debug|x86
		{070AF989-B359-4FCE-9A1C-A39EC759E044}.Debug|x86.Build.0 = Debug|x86
		{070AF989-B359-4FCE-9A1C-A39EC759E044}.Release|Any CPU.ActiveCfg = Release|x86
		{070AF989-B359-4FCE-9A1C-A39EC759E044}.Release|Any CPU.Build.0 = Release|x86
		{070AF989-B359-4FCE-9A1C-A39EC759E044}.Release|x86.ActiveCfg = Release|x86
		{070AF989-B359-4FCE-9A1C-A39EC759E044}.Release|x86.Build.0 = Release|x86
	EndGlobalSection
	GlobalSection(SolutionProperties) = preSolution
		HideSolutionNode = FALSE
	EndGlobalSection
	GlobalSection(NestedProjects) = preSolution
		{B03A5988-77F7-4AB8-9D32-A80896CA3B9F} = {7241179F-C26B-4F87-A2C9-D557ABCBA08B}
		{619E7B77-46D1-4A8E-B5B4-2D599090ECDB} = {7241179F-C26B-4F87-A2C9-D557ABCBA08B}
		{671279D5-35B9-46CF-87B7-E7CC2768FE9D} = {7241179F-C26B-4F87-A2C9-D557ABCBA08B}
		{500647CF-2561-431F-8585-24D7E7C6DBEF} = {7241179F-C26B-4F87-A2C9-D557ABCBA08B}
		{01B3B056-8974-4F42-ABFD-6DC7D2586722} = {7241179F-C26B-4F87-A2C9-D557ABCBA08B}
		{192369B5-24E9-41AB-9295-899A86C1B1F2} = {7241179F-C26B-4F87-A2C9-D557ABCBA08B}
		{070AF989-B359-4FCE-9A1C-A39EC759E044} = {7241179F-C26B-4F87-A2C9-D557ABCBA08B}
	EndGlobalSection
EndGlobal
